PODS:
  - flutter_system_icons (0.0.1):
    - FlutterMacOS
  - FlutterMacOS (1.0.0)

DEPENDENCIES:
  - flutter_system_icons (from `Flutter/ephemeral/.symlinks/plugins/flutter_system_icons/macos`)
  - FlutterMacOS (from `Flutter/ephemeral`)

EXTERNAL SOURCES:
  flutter_system_icons:
    :path: Flutter/ephemeral/.symlinks/plugins/flutter_system_icons/macos
  FlutterMacOS:
    :path: Flutter/ephemeral

SPEC CHECKSUMS:
  flutter_system_icons: 206f2a7f0c3c95fd4f6b65cb5865f2d6ad42156e
  FlutterMacOS: 8f6f14fa908a6fb3fba0cd85dbd81ec4b251fb24

PODFILE CHECKSUM: 236401fc2c932af29a9fcf0e97baeeb2d750d367

COCOAPODS: 1.15.2
